# Auto-generated by dotagents. Do not edit.
version = 1

[skills.academy-guide]
source = "anthropics/skills"
resolved_url = "https://github.com/anthropics/skills"
resolved_path = "skills/academy-guide"
resolved_commit = "34040c9c568585f6929bedeaad110ad08f079624"

[skills.agents-md]
source = "getsentry/skills"
resolved_url = "https://github.com/getsentry/skills"
resolved_path = "skills/agents-md"
resolved_commit = "c2f99a5b04b4cd992ec3022d7c2c3e23e938d241"

[skills.algorithmic-art]
source = "anthropics/skills"
resolved_url = "https://github.com/anthropics/skills"
resolved_path = "skills/algorithmic-art"
resolved_commit = "34040c9c568585f6929bedeaad110ad08f079624"

[skills.canvas-design]
source = "anthropics/skills"
resolved_url = "https://github.com/anthropics/skills"
resolved_path = "skills/canvas-design"
resolved_commit = "34040c9c568585f6929bedeaad110ad08f079624"

[skills.caveman]
source = "LRNZ09/skills"
resolved_url = "https://github.com/LRNZ09/skills"
resolved_path = "skills/caveman"
resolved_commit = "6000ac3fef4b85134865e7860e0a561da99739fa"

[skills.claude-settings-audit]
source = "getsentry/skills"
resolved_url = "https://github.com/getsentry/skills"
resolved_path = "skills/claude-settings-audit"
resolved_commit = "c2f99a5b04b4cd992ec3022d7c2c3e23e938d241"

[skills.code-review]
source = "getsentry/skills"
resolved_url = "https://github.com/getsentry/skills"
resolved_path = "skills/code-review"
resolved_commit = "c2f99a5b04b4cd992ec3022d7c2c3e23e938d241"

[skills.code-simplifier]
source = "getsentry/skills"
resolved_url = "https://github.com/getsentry/skills"
resolved_path = "skills/code-simplifier"
resolved_commit = "c2f99a5b04b4cd992ec3022d7c2c3e23e938d241"

[skills.codename]
source = "LRNZ09/skills"
resolved_url = "https://github.com/LRNZ09/skills"
resolved_path = "skills/codename"
resolved_commit = "6000ac3fef4b85134865e7860e0a561da99739fa"

[skills.commit]
source = "getsentry/skills"
resolved_url = "https://github.com/getsentry/skills"
resolved_path = "skills/commit"
resolved_commit = "c2f99a5b04b4cd992ec3022d7c2c3e23e938d241"

[skills.council]
source = "LRNZ09/skills"
resolved_url = "https://github.com/LRNZ09/skills"
resolved_path = "skills/council"
resolved_commit = "6000ac3fef4b85134865e7860e0a561da99739fa"

[skills.create-branch]
source = "getsentry/skills"
resolved_url = "https://github.com/getsentry/skills"
resolved_path = "skills/create-branch"
resolved_commit = "c2f99a5b04b4cd992ec3022d7c2c3e23e938d241"

[skills.diagnose]
source = "LRNZ09/skills"
resolved_url = "https://github.com/LRNZ09/skills"
resolved_path = "skills/diagnose"
resolved_commit = "6000ac3fef4b85134865e7860e0a561da99739fa"

[skills.discernment-nudge]
source = "anthropics/skills"
resolved_url = "https://github.com/anthropics/skills"
resolved_path = "skills/discernment-nudge"
resolved_commit = "34040c9c568585f6929bedeaad110ad08f079624"

[skills.django-access-review]
source = "getsentry/skills"
resolved_url = "https://github.com/getsentry/skills"
resolved_path = "skills/django-access-review"
resolved_commit = "c2f99a5b04b4cd992ec3022d7c2c3e23e938d241"

[skills.django-perf-review]
source = "getsentry/skills"
resolved_url = "https://github.com/getsentry/skills"
resolved_path = "skills/django-perf-review"
resolved_commit = "c2f99a5b04b4cd992ec3022d7c2c3e23e938d241"

[skills.doc-coauthoring]
source = "anthropics/skills"
resolved_url = "https://github.com/anthropics/skills"
resolved_path = "skills/doc-coauthoring"
resolved_commit = "34040c9c568585f6929bedeaad110ad08f079624"

[skills.docx]
source = "anthropics/skills"
resolved_url = "https://github.com/anthropics/skills"
resolved_path = "skills/docx"
resolved_commit = "34040c9c568585f6929bedeaad110ad08f079624"

[skills.dotagents]
source = "getsentry/dotagents"
resolved_url = "https://github.com/getsentry/dotagents"
resolved_path = "skills/dotagents"
resolved_commit = "399121d28144c118883ade1815081e2db0830e91"
resolved_ref = "1.17.0"

[skills.find-bugs]
source = "getsentry/skills"
resolved_url = "https://github.com/getsentry/skills"
resolved_path = "skills/find-bugs"
resolved_commit = "c2f99a5b04b4cd992ec3022d7c2c3e23e938d241"

[skills.frontend-design]
source = "anthropics/skills"
resolved_url = "https://github.com/anthropics/skills"
resolved_path = "skills/frontend-design"
resolved_commit = "34040c9c568585f6929bedeaad110ad08f079624"

[skills.gh-review-requests]
source = "getsentry/skills"
resolved_url = "https://github.com/getsentry/skills"
resolved_path = "skills/gh-review-requests"
resolved_commit = "c2f99a5b04b4cd992ec3022d7c2c3e23e938d241"

[skills.gha-security-review]
source = "getsentry/skills"
resolved_url = "https://github.com/getsentry/skills"
resolved_path = "skills/gha-security-review"
resolved_commit = "c2f99a5b04b4cd992ec3022d7c2c3e23e938d241"

[skills.grill]
source = "LRNZ09/skills"
resolved_url = "https://github.com/LRNZ09/skills"
resolved_path = "skills/grill"
resolved_commit = "6000ac3fef4b85134865e7860e0a561da99739fa"

[skills.handoff]
source = "LRNZ09/skills"
resolved_url = "https://github.com/LRNZ09/skills"
resolved_path = "skills/handoff"
resolved_commit = "6000ac3fef4b85134865e7860e0a561da99739fa"

[skills.improve-codebase-architecture]
source = "LRNZ09/skills"
resolved_url = "https://github.com/LRNZ09/skills"
resolved_path = "skills/improve-codebase-architecture"
resolved_commit = "6000ac3fef4b85134865e7860e0a561da99739fa"

[skills.iterate-pr]
source = "getsentry/skills"
resolved_url = "https://github.com/getsentry/skills"
resolved_path = "skills/iterate-pr"
resolved_commit = "c2f99a5b04b4cd992ec3022d7c2c3e23e938d241"

[skills.mcp-builder]
source = "anthropics/skills"
resolved_url = "https://github.com/anthropics/skills"
resolved_path = "skills/mcp-builder"
resolved_commit = "34040c9c568585f6929bedeaad110ad08f079624"

[skills.pdf]
source = "anthropics/skills"
resolved_url = "https://github.com/anthropics/skills"
resolved_path = "skills/pdf"
resolved_commit = "34040c9c568585f6929bedeaad110ad08f079624"

[skills.pptx]
source = "anthropics/skills"
resolved_url = "https://github.com/anthropics/skills"
resolved_path = "skills/pptx"
resolved_commit = "34040c9c568585f6929bedeaad110ad08f079624"

[skills.pr-link-issue]
source = "getsentry/skills"
resolved_url = "https://github.com/getsentry/skills"
resolved_path = "skills/pr-link-issue"
resolved_commit = "c2f99a5b04b4cd992ec3022d7c2c3e23e938d241"

[skills.pr-writer]
source = "getsentry/skills"
resolved_url = "https://github.com/getsentry/skills"
resolved_path = "skills/pr-writer"
resolved_commit = "c2f99a5b04b4cd992ec3022d7c2c3e23e938d241"

[skills.presentation-creator]
source = "getsentry/skills"
resolved_url = "https://github.com/getsentry/skills"
resolved_path = "skills/presentation-creator"
resolved_commit = "c2f99a5b04b4cd992ec3022d7c2c3e23e938d241"

[skills.prompt-optimizer]
source = "getsentry/skills"
resolved_url = "https://github.com/getsentry/skills"
resolved_path = "skills/prompt-optimizer"
resolved_commit = "c2f99a5b04b4cd992ec3022d7c2c3e23e938d241"

[skills.prototype]
source = "LRNZ09/skills"
resolved_url = "https://github.com/LRNZ09/skills"
resolved_path = "skills/prototype"
resolved_commit = "6000ac3fef4b85134865e7860e0a561da99739fa"

[skills.record-user-journey]
source = "LRNZ09/skills"
resolved_url = "https://github.com/LRNZ09/skills"
resolved_path = "skills/record-user-journey"
resolved_commit = "6000ac3fef4b85134865e7860e0a561da99739fa"

[skills.security-review]
source = "getsentry/skills"
resolved_url = "https://github.com/getsentry/skills"
resolved_path = "skills/security-review"
resolved_commit = "c2f99a5b04b4cd992ec3022d7c2c3e23e938d241"

[skills.skill-scanner]
source = "getsentry/skills"
resolved_url = "https://github.com/getsentry/skills"
resolved_path = "skills/skill-scanner"
resolved_commit = "c2f99a5b04b4cd992ec3022d7c2c3e23e938d241"

[skills.skill-writer]
source = "getsentry/skills"
resolved_url = "https://github.com/getsentry/skills"
resolved_path = "skills/skill-writer"
resolved_commit = "c2f99a5b04b4cd992ec3022d7c2c3e23e938d241"

[skills.slack-gif-creator]
source = "anthropics/skills"
resolved_url = "https://github.com/anthropics/skills"
resolved_path = "skills/slack-gif-creator"
resolved_commit = "34040c9c568585f6929bedeaad110ad08f079624"

[skills.tdd]
source = "LRNZ09/skills"
resolved_url = "https://github.com/LRNZ09/skills"
resolved_path = "skills/tdd"
resolved_commit = "6000ac3fef4b85134865e7860e0a561da99739fa"

[skills.theme-factory]
source = "anthropics/skills"
resolved_url = "https://github.com/anthropics/skills"
resolved_path = "skills/theme-factory"
resolved_commit = "34040c9c568585f6929bedeaad110ad08f079624"

[skills.triage]
source = "LRNZ09/skills"
resolved_url = "https://github.com/LRNZ09/skills"
resolved_path = "skills/triage"
resolved_commit = "6000ac3fef4b85134865e7860e0a561da99739fa"

[skills.web-artifacts-builder]
source = "anthropics/skills"
resolved_url = "https://github.com/anthropics/skills"
resolved_path = "skills/web-artifacts-builder"
resolved_commit = "34040c9c568585f6929bedeaad110ad08f079624"

[skills.webapp-testing]
source = "anthropics/skills"
resolved_url = "https://github.com/anthropics/skills"
resolved_path = "skills/webapp-testing"
resolved_commit = "34040c9c568585f6929bedeaad110ad08f079624"

[skills.xlsx]
source = "anthropics/skills"
resolved_url = "https://github.com/anthropics/skills"
resolved_path = "skills/xlsx"
resolved_commit = "34040c9c568585f6929bedeaad110ad08f079624"
