# Auto-generated by dotagents. Do not edit.
version = 1

[skills.agents-md]
source = "getsentry/skills"
resolved_url = "https://github.com/getsentry/skills"
resolved_path = "skills/agents-md"
resolved_commit = "5a64b36c62d042d3981b7937d9d6ca7bd1753b9a"

[skills.algorithmic-art]
source = "anthropics/skills"
resolved_url = "https://github.com/anthropics/skills"
resolved_path = "skills/algorithmic-art"
resolved_commit = "9d2f1ae187231d8199c64b5b762e1bdf2244733d"

[skills.apply-pr-feedback]
source = "LRNZ09/skills"
resolved_url = "https://github.com/LRNZ09/skills"
resolved_path = "skills/apply-pr-feedback"
resolved_commit = "688dad4ec97cb7ad078cbd8f106c84c569c947a4"

[skills.brand-guidelines]
source = "anthropics/skills"
resolved_url = "https://github.com/anthropics/skills"
resolved_path = "skills/brand-guidelines"
resolved_commit = "9d2f1ae187231d8199c64b5b762e1bdf2244733d"

[skills.canvas-design]
source = "anthropics/skills"
resolved_url = "https://github.com/anthropics/skills"
resolved_path = "skills/canvas-design"
resolved_commit = "9d2f1ae187231d8199c64b5b762e1bdf2244733d"

[skills.caveman]
source = "LRNZ09/skills"
resolved_url = "https://github.com/LRNZ09/skills"
resolved_path = "skills/caveman"
resolved_commit = "688dad4ec97cb7ad078cbd8f106c84c569c947a4"

[skills.claude-api]
source = "anthropics/skills"
resolved_url = "https://github.com/anthropics/skills"
resolved_path = "skills/claude-api"
resolved_commit = "9d2f1ae187231d8199c64b5b762e1bdf2244733d"

[skills.claude-settings-audit]
source = "getsentry/skills"
resolved_url = "https://github.com/getsentry/skills"
resolved_path = "skills/claude-settings-audit"
resolved_commit = "5a64b36c62d042d3981b7937d9d6ca7bd1753b9a"

[skills.code-review]
source = "getsentry/skills"
resolved_url = "https://github.com/getsentry/skills"
resolved_path = "skills/code-review"
resolved_commit = "5a64b36c62d042d3981b7937d9d6ca7bd1753b9a"

[skills.code-simplifier]
source = "getsentry/skills"
resolved_url = "https://github.com/getsentry/skills"
resolved_path = "skills/code-simplifier"
resolved_commit = "5a64b36c62d042d3981b7937d9d6ca7bd1753b9a"

[skills.commit]
source = "getsentry/skills"
resolved_url = "https://github.com/getsentry/skills"
resolved_path = "skills/commit"
resolved_commit = "5a64b36c62d042d3981b7937d9d6ca7bd1753b9a"

[skills.commit-series]
source = "LRNZ09/skills"
resolved_url = "https://github.com/LRNZ09/skills"
resolved_path = "skills/commit-series"
resolved_commit = "688dad4ec97cb7ad078cbd8f106c84c569c947a4"

[skills.create-branch]
source = "getsentry/skills"
resolved_url = "https://github.com/getsentry/skills"
resolved_path = "skills/create-branch"
resolved_commit = "5a64b36c62d042d3981b7937d9d6ca7bd1753b9a"

[skills.diagnose]
source = "LRNZ09/skills"
resolved_url = "https://github.com/LRNZ09/skills"
resolved_path = "skills/diagnose"
resolved_commit = "688dad4ec97cb7ad078cbd8f106c84c569c947a4"

[skills.django-access-review]
source = "getsentry/skills"
resolved_url = "https://github.com/getsentry/skills"
resolved_path = "skills/django-access-review"
resolved_commit = "5a64b36c62d042d3981b7937d9d6ca7bd1753b9a"

[skills.django-perf-review]
source = "getsentry/skills"
resolved_url = "https://github.com/getsentry/skills"
resolved_path = "skills/django-perf-review"
resolved_commit = "5a64b36c62d042d3981b7937d9d6ca7bd1753b9a"

[skills.doc-coauthoring]
source = "anthropics/skills"
resolved_url = "https://github.com/anthropics/skills"
resolved_path = "skills/doc-coauthoring"
resolved_commit = "9d2f1ae187231d8199c64b5b762e1bdf2244733d"

[skills.docx]
source = "anthropics/skills"
resolved_url = "https://github.com/anthropics/skills"
resolved_path = "skills/docx"
resolved_commit = "9d2f1ae187231d8199c64b5b762e1bdf2244733d"

[skills.dotagents]
source = "getsentry/dotagents"
resolved_url = "https://github.com/getsentry/dotagents"
resolved_path = "skills/dotagents"
resolved_ref = "1.17.0"
resolved_commit = "399121d28144c118883ade1815081e2db0830e91"

[skills.find-bugs]
source = "getsentry/skills"
resolved_url = "https://github.com/getsentry/skills"
resolved_path = "skills/find-bugs"
resolved_commit = "5a64b36c62d042d3981b7937d9d6ca7bd1753b9a"

[skills.frontend-design]
source = "anthropics/skills"
resolved_url = "https://github.com/anthropics/skills"
resolved_path = "skills/frontend-design"
resolved_commit = "9d2f1ae187231d8199c64b5b762e1bdf2244733d"

[skills.generate-pr-description]
source = "LRNZ09/skills"
resolved_url = "https://github.com/LRNZ09/skills"
resolved_path = "skills/generate-pr-description"
resolved_commit = "688dad4ec97cb7ad078cbd8f106c84c569c947a4"

[skills.gh-review-requests]
source = "getsentry/skills"
resolved_url = "https://github.com/getsentry/skills"
resolved_path = "skills/gh-review-requests"
resolved_commit = "5a64b36c62d042d3981b7937d9d6ca7bd1753b9a"

[skills.gha-security-review]
source = "getsentry/skills"
resolved_url = "https://github.com/getsentry/skills"
resolved_path = "skills/gha-security-review"
resolved_commit = "5a64b36c62d042d3981b7937d9d6ca7bd1753b9a"

[skills.grill]
source = "LRNZ09/skills"
resolved_url = "https://github.com/LRNZ09/skills"
resolved_path = "skills/grill"
resolved_commit = "688dad4ec97cb7ad078cbd8f106c84c569c947a4"

[skills.handoff]
source = "LRNZ09/skills"
resolved_url = "https://github.com/LRNZ09/skills"
resolved_path = "skills/handoff"
resolved_commit = "688dad4ec97cb7ad078cbd8f106c84c569c947a4"

[skills.improve-codebase-architecture]
source = "LRNZ09/skills"
resolved_url = "https://github.com/LRNZ09/skills"
resolved_path = "skills/improve-codebase-architecture"
resolved_commit = "688dad4ec97cb7ad078cbd8f106c84c569c947a4"

[skills.internal-comms]
source = "anthropics/skills"
resolved_url = "https://github.com/anthropics/skills"
resolved_path = "skills/internal-comms"
resolved_commit = "9d2f1ae187231d8199c64b5b762e1bdf2244733d"

[skills.iterate-pr]
source = "getsentry/skills"
resolved_url = "https://github.com/getsentry/skills"
resolved_path = "skills/iterate-pr"
resolved_commit = "5a64b36c62d042d3981b7937d9d6ca7bd1753b9a"

[skills.mcp-builder]
source = "anthropics/skills"
resolved_url = "https://github.com/anthropics/skills"
resolved_path = "skills/mcp-builder"
resolved_commit = "9d2f1ae187231d8199c64b5b762e1bdf2244733d"

[skills.pdf]
source = "anthropics/skills"
resolved_url = "https://github.com/anthropics/skills"
resolved_path = "skills/pdf"
resolved_commit = "9d2f1ae187231d8199c64b5b762e1bdf2244733d"

[skills.post-pr-review-comments]
source = "LRNZ09/skills"
resolved_url = "https://github.com/LRNZ09/skills"
resolved_path = "skills/post-pr-review-comments"
resolved_commit = "688dad4ec97cb7ad078cbd8f106c84c569c947a4"

[skills.pptx]
source = "anthropics/skills"
resolved_url = "https://github.com/anthropics/skills"
resolved_path = "skills/pptx"
resolved_commit = "9d2f1ae187231d8199c64b5b762e1bdf2244733d"

[skills.pr-link-issue]
source = "getsentry/skills"
resolved_url = "https://github.com/getsentry/skills"
resolved_path = "skills/pr-link-issue"
resolved_commit = "5a64b36c62d042d3981b7937d9d6ca7bd1753b9a"

[skills.pr-writer]
source = "getsentry/skills"
resolved_url = "https://github.com/getsentry/skills"
resolved_path = "skills/pr-writer"
resolved_commit = "5a64b36c62d042d3981b7937d9d6ca7bd1753b9a"

[skills.presentation-creator]
source = "getsentry/skills"
resolved_url = "https://github.com/getsentry/skills"
resolved_path = "skills/presentation-creator"
resolved_commit = "5a64b36c62d042d3981b7937d9d6ca7bd1753b9a"

[skills.prompt-optimizer]
source = "getsentry/skills"
resolved_url = "https://github.com/getsentry/skills"
resolved_path = "skills/prompt-optimizer"
resolved_commit = "5a64b36c62d042d3981b7937d9d6ca7bd1753b9a"

[skills.prototype]
source = "LRNZ09/skills"
resolved_url = "https://github.com/LRNZ09/skills"
resolved_path = "skills/prototype"
resolved_commit = "688dad4ec97cb7ad078cbd8f106c84c569c947a4"

[skills.review-pr]
source = "LRNZ09/skills"
resolved_url = "https://github.com/LRNZ09/skills"
resolved_path = "skills/review-pr"
resolved_commit = "688dad4ec97cb7ad078cbd8f106c84c569c947a4"

[skills.security-review]
source = "getsentry/skills"
resolved_url = "https://github.com/getsentry/skills"
resolved_path = "skills/security-review"
resolved_commit = "5a64b36c62d042d3981b7937d9d6ca7bd1753b9a"

[skills.skill-creator]
source = "anthropics/skills"
resolved_url = "https://github.com/anthropics/skills"
resolved_path = "skills/skill-creator"
resolved_commit = "9d2f1ae187231d8199c64b5b762e1bdf2244733d"

[skills.skill-scanner]
source = "getsentry/skills"
resolved_url = "https://github.com/getsentry/skills"
resolved_path = "skills/skill-scanner"
resolved_commit = "5a64b36c62d042d3981b7937d9d6ca7bd1753b9a"

[skills.skill-writer]
source = "getsentry/skills"
resolved_url = "https://github.com/getsentry/skills"
resolved_path = "skills/skill-writer"
resolved_commit = "5a64b36c62d042d3981b7937d9d6ca7bd1753b9a"

[skills.slack-gif-creator]
source = "anthropics/skills"
resolved_url = "https://github.com/anthropics/skills"
resolved_path = "skills/slack-gif-creator"
resolved_commit = "9d2f1ae187231d8199c64b5b762e1bdf2244733d"

[skills.tdd]
source = "LRNZ09/skills"
resolved_url = "https://github.com/LRNZ09/skills"
resolved_path = "skills/tdd"
resolved_commit = "688dad4ec97cb7ad078cbd8f106c84c569c947a4"

[skills.template-skill]
source = "anthropics/skills"
resolved_url = "https://github.com/anthropics/skills"
resolved_path = "template"
resolved_commit = "9d2f1ae187231d8199c64b5b762e1bdf2244733d"

[skills.theme-factory]
source = "anthropics/skills"
resolved_url = "https://github.com/anthropics/skills"
resolved_path = "skills/theme-factory"
resolved_commit = "9d2f1ae187231d8199c64b5b762e1bdf2244733d"

[skills.triage]
source = "LRNZ09/skills"
resolved_url = "https://github.com/LRNZ09/skills"
resolved_path = "skills/triage"
resolved_commit = "688dad4ec97cb7ad078cbd8f106c84c569c947a4"

[skills.web-artifacts-builder]
source = "anthropics/skills"
resolved_url = "https://github.com/anthropics/skills"
resolved_path = "skills/web-artifacts-builder"
resolved_commit = "9d2f1ae187231d8199c64b5b762e1bdf2244733d"

[skills.webapp-testing]
source = "anthropics/skills"
resolved_url = "https://github.com/anthropics/skills"
resolved_path = "skills/webapp-testing"
resolved_commit = "9d2f1ae187231d8199c64b5b762e1bdf2244733d"

[skills.xlsx]
source = "anthropics/skills"
resolved_url = "https://github.com/anthropics/skills"
resolved_path = "skills/xlsx"
resolved_commit = "9d2f1ae187231d8199c64b5b762e1bdf2244733d"
